
Microsoft Visual Studio Solution File, Format Version 12.00
# Visual Studio 15
VisualStudioVersion = 15.0.28307.572
MinimumVisualStudioVersion = 10.0.40219.1
Project("{888888A0-9F3D-457C-B088-3A5042F75D52}") = "ForwardEngineerPANDA", "ForwardEngineerPANDA\ForwardEngineerPANDA.pyproj", "{59E7F274-936D-42B1-A6C5-2B48C510D07A}"
EndProject
Global
	GlobalSection(SolutionConfigurationPlatforms) = preSolution
		Debug|Any CPU = Debug|Any CPU
		Release|Any CPU = Release|Any CPU
	EndGlobalSection
	GlobalSection(ProjectConfigurationPlatforms) = postSolution
		{59E7F274-936D-42B1-A6C5-2B48C510D07A}.Debug|Any CPU.ActiveCfg = Debug|Any CPU
		{59E7F274-936D-42B1-A6C5-2B48C510D07A}.Release|Any CPU.ActiveCfg = Release|Any CPU
	EndGlobalSection
	GlobalSection(SolutionProperties) = preSolution
		HideSolutionNode = FALSE
	EndGlobalSection
	GlobalSection(ExtensibilityGlobals) = postSolution
		SolutionGuid = {EAE7615E-E192-4480-AEE7-54C67F3EE5CF}
	EndGlobalSection
EndGlobal
